// !$*UTF8*$!
{
	archiveVersion = 1;
	classes = {
	};
	objectVersion = 46;
	objects = {

/* Begin PBXBuildFile section */
		63034DBF1338D39200A52278 /* HandWritingView.m in Sources */ = {isa = PBXBuildFile; fileRef = 63034DBE1338D39200A52278 /* HandWritingView.m */; };
		630A73B61339963900672BFE /* CACommon.m in Sources */ = {isa = PBXBuildFile; fileRef = 630A73B51339963900672BFE /* CACommon.m */; };
		630A73B91339AAA700672BFE /* QuartzCore.framework in Frameworks */ = {isa = PBXBuildFile; fileRef = 630A73B81339AAA700672BFE /* QuartzCore.framework */; };
		630A73BC1339E94B00672BFE /* HandWritingInputView.m in Sources */ = {isa = PBXBuildFile; fileRef = 630A73BB1339E94B00672BFE /* HandWritingInputView.m */; };
		6332B0E7132F1F6800A836B4 /* UIKit.framework in Frameworks */ = {isa = PBXBuildFile; fileRef = 6332B0E6132F1F6800A836B4 /* UIKit.framework */; };
		6332B0E9132F1F6800A836B4 /* Foundation.framework in Frameworks */ = {isa = PBXBuildFile; fileRef = 6332B0E8132F1F6800A836B4 /* Foundation.framework */; };
		6332B0EB132F1F6800A836B4 /* CoreGraphics.framework in Frameworks */ = {isa = PBXBuildFile; fileRef = 6332B0EA132F1F6800A836B4 /* CoreGraphics.framework */; };
		6332B0F1132F1F6800A836B4 /* InfoPlist.strings in Resources */ = {isa = PBXBuildFile; fileRef = 6332B0EF132F1F6800A836B4 /* InfoPlist.strings */; };
		6332B0F4132F1F6800A836B4 /* main.m in Sources */ = {isa = PBXBuildFile; fileRef = 6332B0F3132F1F6800A836B4 /* main.m */; };
		6332B0F7132F1F6900A836B4 /* MarkupEditorAppDelegate.m in Sources */ = {isa = PBXBuildFile; fileRef = 6332B0F6132F1F6900A836B4 /* MarkupEditorAppDelegate.m */; };
		6332B0FA132F1F6900A836B4 /* MainWindow.xib in Resources */ = {isa = PBXBuildFile; fileRef = 6332B0F8132F1F6900A836B4 /* MainWindow.xib */; };
		6332B107132F1F6900A836B4 /* UIKit.framework in Frameworks */ = {isa = PBXBuildFile; fileRef = 6332B0E6132F1F6800A836B4 /* UIKit.framework */; };
		6332B108132F1F6900A836B4 /* Foundation.framework in Frameworks */ = {isa = PBXBuildFile; fileRef = 6332B0E8132F1F6800A836B4 /* Foundation.framework */; };
		6332B109132F1F6900A836B4 /* CoreGraphics.framework in Frameworks */ = {isa = PBXBuildFile; fileRef = 6332B0EA132F1F6800A836B4 /* CoreGraphics.framework */; };
		6332B111132F1F6900A836B4 /* InfoPlist.strings in Resources */ = {isa = PBXBuildFile; fileRef = 6332B10F132F1F6900A836B4 /* InfoPlist.strings */; };
		6332B12A132F1FC900A836B4 /* MarkupElement.m in Sources */ = {isa = PBXBuildFile; fileRef = 6332B125132F1FC900A836B4 /* MarkupElement.m */; };
		6332B12C132F1FC900A836B4 /* MarkupElementPosition.m in Sources */ = {isa = PBXBuildFile; fileRef = 6332B127132F1FC900A836B4 /* MarkupElementPosition.m */; };
		6332B131132F1FF200A836B4 /* CaretView.m in Sources */ = {isa = PBXBuildFile; fileRef = 6332B130132F1FF200A836B4 /* CaretView.m */; };
		6332B134132F200B00A836B4 /* AlertDelegator.m in Sources */ = {isa = PBXBuildFile; fileRef = 6332B133132F200B00A836B4 /* AlertDelegator.m */; };
		6332B137132F201600A836B4 /* GraphicalTextView.m in Sources */ = {isa = PBXBuildFile; fileRef = 6332B136132F201600A836B4 /* GraphicalTextView.m */; };
		6332B144132F202C00A836B4 /* NSArray+objectOrNullAtIndex.m in Sources */ = {isa = PBXBuildFile; fileRef = 6332B139132F202C00A836B4 /* NSArray+objectOrNullAtIndex.m */; };
		6332B145132F202C00A836B4 /* NSMutableArray+insertObjectsAtIndex.m in Sources */ = {isa = PBXBuildFile; fileRef = 6332B13B132F202C00A836B4 /* NSMutableArray+insertObjectsAtIndex.m */; };
		6332B146132F202C00A836B4 /* NSString+drawing.m in Sources */ = {isa = PBXBuildFile; fileRef = 6332B13D132F202C00A836B4 /* NSString+drawing.m */; };
		6332B147132F202C00A836B4 /* Pair.m in Sources */ = {isa = PBXBuildFile; fileRef = 6332B13F132F202C00A836B4 /* Pair.m */; };
		6332B148132F202C00A836B4 /* TargetActionPair.m in Sources */ = {isa = PBXBuildFile; fileRef = 6332B141132F202C00A836B4 /* TargetActionPair.m */; };
		6332B149132F202C00A836B4 /* Tools.m in Sources */ = {isa = PBXBuildFile; fileRef = 6332B143132F202C00A836B4 /* Tools.m */; };
		6332B14F132F21F800A836B4 /* RootViewController.m in Sources */ = {isa = PBXBuildFile; fileRef = 6332B14D132F21F800A836B4 /* RootViewController.m */; };
		6332B150132F21F800A836B4 /* RootViewController-iPad.xib in Resources */ = {isa = PBXBuildFile; fileRef = 6332B14E132F21F800A836B4 /* RootViewController-iPad.xib */; };
		6332B157132F489400A836B4 /* MainWindow-iPad.xib in Resources */ = {isa = PBXBuildFile; fileRef = 6332B155132F489400A836B4 /* MainWindow-iPad.xib */; };
		6332B17B132F9DD500A836B4 /* MarkupElementRange.m in Sources */ = {isa = PBXBuildFile; fileRef = 6332B17A132F9DD300A836B4 /* MarkupElementRange.m */; };
		6332B181132F9E9F00A836B4 /* MarkupView.m in Sources */ = {isa = PBXBuildFile; fileRef = 6332B180132F9E9B00A836B4 /* MarkupView.m */; };
		63A619D01330589100976346 /* MarkupViewCache.m in Sources */ = {isa = PBXBuildFile; fileRef = 63A619CF1330589000976346 /* MarkupViewCache.m */; };
		63C1658F1330BC8D007625AB /* MarkupElementPositionTest.m in Sources */ = {isa = PBXBuildFile; fileRef = 63C1658E1330BC8D007625AB /* MarkupElementPositionTest.m */; };
		63F350F51331C4FC00410856 /* MarkupDocumentTest.m in Sources */ = {isa = PBXBuildFile; fileRef = 63F350F41331C4FC00410856 /* MarkupDocumentTest.m */; };
		63F350F81332236000410856 /* MarkupElementTest.m in Sources */ = {isa = PBXBuildFile; fileRef = 63F350F71332235F00410856 /* MarkupElementTest.m */; };
/* End PBXBuildFile section */

/* Begin PBXContainerItemProxy section */
		63F01C9A13309C250030229C /* PBXContainerItemProxy */ = {
			isa = PBXContainerItemProxy;
			containerPortal = 6332B0D9132F1F6800A836B4 /* Project object */;
			proxyType = 1;
			remoteGlobalIDString = 6332B0E1132F1F6800A836B4;
			remoteInfo = MarkupEditor;
		};
/* End PBXContainerItemProxy section */

/* Begin PBXFileReference section */
		63034DBD1338D39200A52278 /* HandWritingView.h */ = {isa = PBXFileReference; fileEncoding = 4; lastKnownFileType = sourcecode.c.h; path = HandWritingView.h; sourceTree = "<group>"; };
		63034DBE1338D39200A52278 /* HandWritingView.m */ = {isa = PBXFileReference; fileEncoding = 4; lastKnownFileType = sourcecode.c.objc; path = HandWritingView.m; sourceTree = "<group>"; };
		630A73B41339963900672BFE /* CACommon.h */ = {isa = PBXFileReference; fileEncoding = 4; lastKnownFileType = sourcecode.c.h; path = CACommon.h; sourceTree = "<group>"; };
		630A73B51339963900672BFE /* CACommon.m */ = {isa = PBXFileReference; fileEncoding = 4; lastKnownFileType = sourcecode.c.objc; path = CACommon.m; sourceTree = "<group>"; };
		630A73B81339AAA700672BFE /* QuartzCore.framework */ = {isa = PBXFileReference; lastKnownFileType = wrapper.framework; name = QuartzCore.framework; path = System/Library/Frameworks/QuartzCore.framework; sourceTree = SDKROOT; };
		630A73BA1339E94B00672BFE /* HandWritingInputView.h */ = {isa = PBXFileReference; fileEncoding = 4; lastKnownFileType = sourcecode.c.h; path = HandWritingInputView.h; sourceTree = "<group>"; };
		630A73BB1339E94B00672BFE /* HandWritingInputView.m */ = {isa = PBXFileReference; fileEncoding = 4; lastKnownFileType = sourcecode.c.objc; path = HandWritingInputView.m; sourceTree = "<group>"; };
		6332B0E2132F1F6800A836B4 /* MarkupEditor.app */ = {isa = PBXFileReference; explicitFileType = wrapper.application; includeInIndex = 0; path = MarkupEditor.app; sourceTree = BUILT_PRODUCTS_DIR; };
		6332B0E6132F1F6800A836B4 /* UIKit.framework */ = {isa = PBXFileReference; lastKnownFileType = wrapper.framework; name = UIKit.framework; path = System/Library/Frameworks/UIKit.framework; sourceTree = SDKROOT; };
		6332B0E8132F1F6800A836B4 /* Foundation.framework */ = {isa = PBXFileReference; lastKnownFileType = wrapper.framework; name = Foundation.framework; path = System/Library/Frameworks/Foundation.framework; sourceTree = SDKROOT; };
		6332B0EA132F1F6800A836B4 /* CoreGraphics.framework */ = {isa = PBXFileReference; lastKnownFileType = wrapper.framework; name = CoreGraphics.framework; path = System/Library/Frameworks/CoreGraphics.framework; sourceTree = SDKROOT; };
		6332B0EE132F1F6800A836B4 /* MarkupEditor-Info.plist */ = {isa = PBXFileReference; lastKnownFileType = text.plist.xml; path = "MarkupEditor-Info.plist"; sourceTree = "<group>"; };
		6332B0F0132F1F6800A836B4 /* en */ = {isa = PBXFileReference; lastKnownFileType = text.plist.strings; name = en; path = en.lproj/InfoPlist.strings; sourceTree = "<group>"; };
		6332B0F2132F1F6800A836B4 /* MarkupEditor-Prefix.pch */ = {isa = PBXFileReference; lastKnownFileType = sourcecode.c.h; path = "MarkupEditor-Prefix.pch"; sourceTree = "<group>"; };
		6332B0F3132F1F6800A836B4 /* main.m */ = {isa = PBXFileReference; lastKnownFileType = sourcecode.c.objc; path = main.m; sourceTree = "<group>"; };
		6332B0F5132F1F6900A836B4 /* MarkupEditorAppDelegate.h */ = {isa = PBXFileReference; lastKnownFileType = sourcecode.c.h; path = MarkupEditorAppDelegate.h; sourceTree = "<group>"; };
		6332B0F6132F1F6900A836B4 /* MarkupEditorAppDelegate.m */ = {isa = PBXFileReference; lastKnownFileType = sourcecode.c.objc; path = MarkupEditorAppDelegate.m; sourceTree = "<group>"; };
		6332B0F9132F1F6900A836B4 /* en */ = {isa = PBXFileReference; lastKnownFileType = file.xib; name = en; path = en.lproj/MainWindow.xib; sourceTree = "<group>"; };
		6332B10E132F1F6900A836B4 /* MarkupEditorTests-Info.plist */ = {isa = PBXFileReference; lastKnownFileType = text.plist.xml; path = "MarkupEditorTests-Info.plist"; sourceTree = "<group>"; };
		6332B110132F1F6900A836B4 /* en */ = {isa = PBXFileReference; lastKnownFileType = text.plist.strings; name = en; path = en.lproj/InfoPlist.strings; sourceTree = "<group>"; };
		6332B112132F1F6900A836B4 /* MarkupEditorTests-Prefix.pch */ = {isa = PBXFileReference; lastKnownFileType = sourcecode.c.h; path = "MarkupEditorTests-Prefix.pch"; sourceTree = "<group>"; };
		6332B124132F1FC900A836B4 /* MarkupElement.h */ = {isa = PBXFileReference; fileEncoding = 4; lastKnownFileType = sourcecode.c.h; path = MarkupElement.h; sourceTree = "<group>"; };
		6332B125132F1FC900A836B4 /* MarkupElement.m */ = {isa = PBXFileReference; fileEncoding = 4; lastKnownFileType = sourcecode.c.objc; path = MarkupElement.m; sourceTree = "<group>"; };
		6332B126132F1FC900A836B4 /* MarkupElementPosition.h */ = {isa = PBXFileReference; fileEncoding = 4; lastKnownFileType = sourcecode.c.h; path = MarkupElementPosition.h; sourceTree = "<group>"; };
		6332B127132F1FC900A836B4 /* MarkupElementPosition.m */ = {isa = PBXFileReference; fileEncoding = 4; lastKnownFileType = sourcecode.c.objc; path = MarkupElementPosition.m; sourceTree = "<group>"; };
		6332B12F132F1FF200A836B4 /* CaretView.h */ = {isa = PBXFileReference; fileEncoding = 4; lastKnownFileType = sourcecode.c.h; path = CaretView.h; sourceTree = "<group>"; };
		6332B130132F1FF200A836B4 /* CaretView.m */ = {isa = PBXFileReference; fileEncoding = 4; lastKnownFileType = sourcecode.c.objc; path = CaretView.m; sourceTree = "<group>"; };
		6332B132132F200B00A836B4 /* AlertDelegator.h */ = {isa = PBXFileReference; fileEncoding = 4; lastKnownFileType = sourcecode.c.h; path = AlertDelegator.h; sourceTree = "<group>"; };
		6332B133132F200B00A836B4 /* AlertDelegator.m */ = {isa = PBXFileReference; fileEncoding = 4; lastKnownFileType = sourcecode.c.objc; path = AlertDelegator.m; sourceTree = "<group>"; };
		6332B135132F201600A836B4 /* GraphicalTextView.h */ = {isa = PBXFileReference; fileEncoding = 4; lastKnownFileType = sourcecode.c.h; path = GraphicalTextView.h; sourceTree = "<group>"; };
		6332B136132F201600A836B4 /* GraphicalTextView.m */ = {isa = PBXFileReference; fileEncoding = 4; lastKnownFileType = sourcecode.c.objc; path = GraphicalTextView.m; sourceTree = "<group>"; };
		6332B138132F202C00A836B4 /* NSArray+objectOrNullAtIndex.h */ = {isa = PBXFileReference; fileEncoding = 4; lastKnownFileType = sourcecode.c.h; path = "NSArray+objectOrNullAtIndex.h"; sourceTree = "<group>"; };
		6332B139132F202C00A836B4 /* NSArray+objectOrNullAtIndex.m */ = {isa = PBXFileReference; fileEncoding = 4; lastKnownFileType = sourcecode.c.objc; path = "NSArray+objectOrNullAtIndex.m"; sourceTree = "<group>"; };
		6332B13A132F202C00A836B4 /* NSMutableArray+insertObjectsAtIndex.h */ = {isa = PBXFileReference; fileEncoding = 4; lastKnownFileType = sourcecode.c.h; path = "NSMutableArray+insertObjectsAtIndex.h"; sourceTree = "<group>"; };
		6332B13B132F202C00A836B4 /* NSMutableArray+insertObjectsAtIndex.m */ = {isa = PBXFileReference; fileEncoding = 4; lastKnownFileType = sourcecode.c.objc; path = "NSMutableArray+insertObjectsAtIndex.m"; sourceTree = "<group>"; };
		6332B13C132F202C00A836B4 /* NSString+drawing.h */ = {isa = PBXFileReference; fileEncoding = 4; lastKnownFileType = sourcecode.c.h; path = "NSString+drawing.h"; sourceTree = "<group>"; };
		6332B13D132F202C00A836B4 /* NSString+drawing.m */ = {isa = PBXFileReference; fileEncoding = 4; lastKnownFileType = sourcecode.c.objc; path = "NSString+drawing.m"; sourceTree = "<group>"; };
		6332B13E132F202C00A836B4 /* Pair.h */ = {isa = PBXFileReference; fileEncoding = 4; lastKnownFileType = sourcecode.c.h; path = Pair.h; sourceTree = "<group>"; };
		6332B13F132F202C00A836B4 /* Pair.m */ = {isa = PBXFileReference; fileEncoding = 4; lastKnownFileType = sourcecode.c.objc; path = Pair.m; sourceTree = "<group>"; };
		6332B140132F202C00A836B4 /* TargetActionPair.h */ = {isa = PBXFileReference; fileEncoding = 4; lastKnownFileType = sourcecode.c.h; path = TargetActionPair.h; sourceTree = "<group>"; };
		6332B141132F202C00A836B4 /* TargetActionPair.m */ = {isa = PBXFileReference; fileEncoding = 4; lastKnownFileType = sourcecode.c.objc; path = TargetActionPair.m; sourceTree = "<group>"; };
		6332B142132F202C00A836B4 /* Tools.h */ = {isa = PBXFileReference; fileEncoding = 4; lastKnownFileType = sourcecode.c.h; path = Tools.h; sourceTree = "<group>"; };
		6332B143132F202C00A836B4 /* Tools.m */ = {isa = PBXFileReference; fileEncoding = 4; lastKnownFileType = sourcecode.c.objc; path = Tools.m; sourceTree = "<group>"; };
		6332B14A132F20BB00A836B4 /* MyMacro.h */ = {isa = PBXFileReference; fileEncoding = 4; lastKnownFileType = sourcecode.c.h; path = MyMacro.h; sourceTree = "<group>"; };
		6332B14C132F21F800A836B4 /* RootViewController.h */ = {isa = PBXFileReference; fileEncoding = 4; lastKnownFileType = sourcecode.c.h; path = RootViewController.h; sourceTree = "<group>"; };
		6332B14D132F21F800A836B4 /* RootViewController.m */ = {isa = PBXFileReference; fileEncoding = 4; lastKnownFileType = sourcecode.c.objc; path = RootViewController.m; sourceTree = "<group>"; };
		6332B14E132F21F800A836B4 /* RootViewController-iPad.xib */ = {isa = PBXFileReference; fileEncoding = 4; lastKnownFileType = file.xib; path = "RootViewController-iPad.xib"; sourceTree = "<group>"; };
		6332B156132F489400A836B4 /* en */ = {isa = PBXFileReference; lastKnownFileType = file.xib; name = en; path = "iPad/en.lproj/MainWindow-iPad.xib"; sourceTree = "<group>"; };
		6332B179132F9DD200A836B4 /* MarkupElementRange.h */ = {isa = PBXFileReference; fileEncoding = 4; lastKnownFileType = sourcecode.c.h; path = MarkupElementRange.h; sourceTree = "<group>"; };
		6332B17A132F9DD300A836B4 /* MarkupElementRange.m */ = {isa = PBXFileReference; fileEncoding = 4; lastKnownFileType = sourcecode.c.objc; path = MarkupElementRange.m; sourceTree = "<group>"; };
		6332B17F132F9E9A00A836B4 /* MarkupView.h */ = {isa = PBXFileReference; fileEncoding = 4; lastKnownFileType = sourcecode.c.h; path = MarkupView.h; sourceTree = "<group>"; };
		6332B180132F9E9B00A836B4 /* MarkupView.m */ = {isa = PBXFileReference; fileEncoding = 4; lastKnownFileType = sourcecode.c.objc; path = MarkupView.m; sourceTree = "<group>"; };
		633DC67E133B492D005D2FD9 /* Const.h */ = {isa = PBXFileReference; fileEncoding = 4; lastKnownFileType = sourcecode.c.h; path = Const.h; sourceTree = "<group>"; };
		63A619CE1330589000976346 /* MarkupViewCache.h */ = {isa = PBXFileReference; fileEncoding = 4; lastKnownFileType = sourcecode.c.h; path = MarkupViewCache.h; sourceTree = "<group>"; };
		63A619CF1330589000976346 /* MarkupViewCache.m */ = {isa = PBXFileReference; fileEncoding = 4; lastKnownFileType = sourcecode.c.objc; path = MarkupViewCache.m; sourceTree = "<group>"; };
		63C1658D1330BC8D007625AB /* MarkupElementPositionTest.h */ = {isa = PBXFileReference; fileEncoding = 4; lastKnownFileType = sourcecode.c.h; path = MarkupElementPositionTest.h; sourceTree = "<group>"; };
		63C1658E1330BC8D007625AB /* MarkupElementPositionTest.m */ = {isa = PBXFileReference; fileEncoding = 4; lastKnownFileType = sourcecode.c.objc; path = MarkupElementPositionTest.m; sourceTree = "<group>"; };
		63F350F31331C4FC00410856 /* MarkupDocumentTest.h */ = {isa = PBXFileReference; fileEncoding = 4; lastKnownFileType = sourcecode.c.h; path = MarkupDocumentTest.h; sourceTree = "<group>"; };
		63F350F41331C4FC00410856 /* MarkupDocumentTest.m */ = {isa = PBXFileReference; fileEncoding = 4; lastKnownFileType = sourcecode.c.objc; path = MarkupDocumentTest.m; sourceTree = "<group>"; };
		63F350F61332235F00410856 /* MarkupElementTest.h */ = {isa = PBXFileReference; fileEncoding = 4; lastKnownFileType = sourcecode.c.h; path = MarkupElementTest.h; sourceTree = "<group>"; };
		63F350F71332235F00410856 /* MarkupElementTest.m */ = {isa = PBXFileReference; fileEncoding = 4; lastKnownFileType = sourcecode.c.objc; path = MarkupElementTest.m; sourceTree = "<group>"; };
		63FB95EA1330A90400AD473C /* MarkupEditorTests.octest */ = {isa = PBXFileReference; explicitFileType = wrapper.cfbundle; includeInIndex = 0; path = MarkupEditorTests.octest; sourceTree = BUILT_PRODUCTS_DIR; };
/* End PBXFileReference section */

/* Begin PBXFrameworksBuildPhase section */
		6332B0DF132F1F6800A836B4 /* Frameworks */ = {
			isa = PBXFrameworksBuildPhase;
			buildActionMask = 2147483647;
			files = (
				630A73B91339AAA700672BFE /* QuartzCore.framework in Frameworks */,
				6332B0E7132F1F6800A836B4 /* UIKit.framework in Frameworks */,
				6332B0E9132F1F6800A836B4 /* Foundation.framework in Frameworks */,
				6332B0EB132F1F6800A836B4 /* CoreGraphics.framework in Frameworks */,
			);
			runOnlyForDeploymentPostprocessing = 0;
		};
		6332B102132F1F6900A836B4 /* Frameworks */ = {
			isa = PBXFrameworksBuildPhase;
			buildActionMask = 2147483647;
			files = (
				6332B107132F1F6900A836B4 /* UIKit.framework in Frameworks */,
				6332B108132F1F6900A836B4 /* Foundation.framework in Frameworks */,
				6332B109132F1F6900A836B4 /* CoreGraphics.framework in Frameworks */,
			);
			runOnlyForDeploymentPostprocessing = 0;
		};
/* End PBXFrameworksBuildPhase section */

/* Begin PBXGroup section */
		6332B0D7132F1F6800A836B4 = {
			isa = PBXGroup;
			children = (
				630A73B81339AAA700672BFE /* QuartzCore.framework */,
				6332B0EC132F1F6800A836B4 /* MarkupEditor */,
				6332B10C132F1F6900A836B4 /* MarkupEditorTests */,
				6332B0E5132F1F6800A836B4 /* Frameworks */,
				6332B0E3132F1F6800A836B4 /* Products */,
			);
			sourceTree = "<group>";
		};
		6332B0E3132F1F6800A836B4 /* Products */ = {
			isa = PBXGroup;
			children = (
				6332B0E2132F1F6800A836B4 /* MarkupEditor.app */,
				63FB95EA1330A90400AD473C /* MarkupEditorTests.octest */,
			);
			name = Products;
			sourceTree = "<group>";
		};
		6332B0E5132F1F6800A836B4 /* Frameworks */ = {
			isa = PBXGroup;
			children = (
				6332B0E6132F1F6800A836B4 /* UIKit.framework */,
				6332B0E8132F1F6800A836B4 /* Foundation.framework */,
				6332B0EA132F1F6800A836B4 /* CoreGraphics.framework */,
			);
			name = Frameworks;
			sourceTree = "<group>";
		};
		6332B0EC132F1F6800A836B4 /* MarkupEditor */ = {
			isa = PBXGroup;
			children = (
				6332B154132F488F00A836B4 /* XIB */,
				6332B14B132F20CF00A836B4 /* ViewControllers */,
				6332B12E132F1FDA00A836B4 /* Views */,
				6332B120132F1F8D00A836B4 /* Models */,
				6332B11F132F1F8000A836B4 /* Library */,
				6332B0F5132F1F6900A836B4 /* MarkupEditorAppDelegate.h */,
				6332B0F6132F1F6900A836B4 /* MarkupEditorAppDelegate.m */,
				6332B14A132F20BB00A836B4 /* MyMacro.h */,
				633DC67E133B492D005D2FD9 /* Const.h */,
				6332B0ED132F1F6800A836B4 /* Supporting Files */,
			);
			path = MarkupEditor;
			sourceTree = "<group>";
		};
		6332B0ED132F1F6800A836B4 /* Supporting Files */ = {
			isa = PBXGroup;
			children = (
				6332B0EE132F1F6800A836B4 /* MarkupEditor-Info.plist */,
				6332B0EF132F1F6800A836B4 /* InfoPlist.strings */,
				6332B0F2132F1F6800A836B4 /* MarkupEditor-Prefix.pch */,
				6332B0F3132F1F6800A836B4 /* main.m */,
			);
			name = "Supporting Files";
			sourceTree = "<group>";
		};
		6332B10C132F1F6900A836B4 /* MarkupEditorTests */ = {
			isa = PBXGroup;
			children = (
				6332B178132F6F5400A836B4 /* Cases */,
				6332B10D132F1F6900A836B4 /* Supporting Files */,
			);
			path = MarkupEditorTests;
			sourceTree = "<group>";
		};
		6332B10D132F1F6900A836B4 /* Supporting Files */ = {
			isa = PBXGroup;
			children = (
				6332B10E132F1F6900A836B4 /* MarkupEditorTests-Info.plist */,
				6332B10F132F1F6900A836B4 /* InfoPlist.strings */,
				6332B112132F1F6900A836B4 /* MarkupEditorTests-Prefix.pch */,
			);
			name = "Supporting Files";
			sourceTree = "<group>";
		};
		6332B11F132F1F8000A836B4 /* Library */ = {
			isa = PBXGroup;
			children = (
				630A73B41339963900672BFE /* CACommon.h */,
				630A73B51339963900672BFE /* CACommon.m */,
				6332B138132F202C00A836B4 /* NSArray+objectOrNullAtIndex.h */,
				6332B139132F202C00A836B4 /* NSArray+objectOrNullAtIndex.m */,
				6332B13A132F202C00A836B4 /* NSMutableArray+insertObjectsAtIndex.h */,
				6332B13B132F202C00A836B4 /* NSMutableArray+insertObjectsAtIndex.m */,
				6332B13C132F202C00A836B4 /* NSString+drawing.h */,
				6332B13D132F202C00A836B4 /* NSString+drawing.m */,
				6332B13E132F202C00A836B4 /* Pair.h */,
				6332B13F132F202C00A836B4 /* Pair.m */,
				6332B140132F202C00A836B4 /* TargetActionPair.h */,
				6332B141132F202C00A836B4 /* TargetActionPair.m */,
				6332B142132F202C00A836B4 /* Tools.h */,
				6332B143132F202C00A836B4 /* Tools.m */,
				6332B132132F200B00A836B4 /* AlertDelegator.h */,
				6332B133132F200B00A836B4 /* AlertDelegator.m */,
			);
			name = Library;
			sourceTree = "<group>";
		};
		6332B120132F1F8D00A836B4 /* Models */ = {
			isa = PBXGroup;
			children = (
				6332B121132F1F9000A836B4 /* MarkupDocument */,
			);
			name = Models;
			sourceTree = "<group>";
		};
		6332B121132F1F9000A836B4 /* MarkupDocument */ = {
			isa = PBXGroup;
			children = (
				6332B124132F1FC900A836B4 /* MarkupElement.h */,
				6332B125132F1FC900A836B4 /* MarkupElement.m */,
				6332B126132F1FC900A836B4 /* MarkupElementPosition.h */,
				6332B127132F1FC900A836B4 /* MarkupElementPosition.m */,
				6332B179132F9DD200A836B4 /* MarkupElementRange.h */,
				6332B17A132F9DD300A836B4 /* MarkupElementRange.m */,
				6332B17F132F9E9A00A836B4 /* MarkupView.h */,
				6332B180132F9E9B00A836B4 /* MarkupView.m */,
				63A619CE1330589000976346 /* MarkupViewCache.h */,
				63A619CF1330589000976346 /* MarkupViewCache.m */,
			);
			name = MarkupDocument;
			sourceTree = "<group>";
		};
		6332B12E132F1FDA00A836B4 /* Views */ = {
			isa = PBXGroup;
			children = (
				6332B135132F201600A836B4 /* GraphicalTextView.h */,
				6332B136132F201600A836B4 /* GraphicalTextView.m */,
				6332B12F132F1FF200A836B4 /* CaretView.h */,
				6332B130132F1FF200A836B4 /* CaretView.m */,
				63034DBD1338D39200A52278 /* HandWritingView.h */,
				63034DBE1338D39200A52278 /* HandWritingView.m */,
				630A73BA1339E94B00672BFE /* HandWritingInputView.h */,
				630A73BB1339E94B00672BFE /* HandWritingInputView.m */,
			);
			name = Views;
			sourceTree = "<group>";
		};
		6332B14B132F20CF00A836B4 /* ViewControllers */ = {
			isa = PBXGroup;
			children = (
				6332B14C132F21F800A836B4 /* RootViewController.h */,
				6332B14D132F21F800A836B4 /* RootViewController.m */,
			);
			name = ViewControllers;
			sourceTree = "<group>";
		};
		6332B154132F488F00A836B4 /* XIB */ = {
			isa = PBXGroup;
			children = (
				6332B14E132F21F800A836B4 /* RootViewController-iPad.xib */,
				6332B155132F489400A836B4 /* MainWindow-iPad.xib */,
				6332B0F8132F1F6900A836B4 /* MainWindow.xib */,
			);
			name = XIB;
			sourceTree = "<group>";
		};
		6332B178132F6F5400A836B4 /* Cases */ = {
			isa = PBXGroup;
			children = (
				63C1658D1330BC8D007625AB /* MarkupElementPositionTest.h */,
				63C1658E1330BC8D007625AB /* MarkupElementPositionTest.m */,
				63F350F31331C4FC00410856 /* MarkupDocumentTest.h */,
				63F350F41331C4FC00410856 /* MarkupDocumentTest.m */,
				63F350F61332235F00410856 /* MarkupElementTest.h */,
				63F350F71332235F00410856 /* MarkupElementTest.m */,
			);
			name = Cases;
			sourceTree = "<group>";
		};
/* End PBXGroup section */

/* Begin PBXNativeTarget section */
		6332B0E1132F1F6800A836B4 /* MarkupEditor */ = {
			isa = PBXNativeTarget;
			buildConfigurationList = 6332B119132F1F6900A836B4 /* Build configuration list for PBXNativeTarget "MarkupEditor" */;
			buildPhases = (
				6332B0DE132F1F6800A836B4 /* Sources */,
				6332B0DF132F1F6800A836B4 /* Frameworks */,
				6332B0E0132F1F6800A836B4 /* Resources */,
			);
			buildRules = (
			);
			dependencies = (
			);
			name = MarkupEditor;
			productName = MarkupEditor;
			productReference = 6332B0E2132F1F6800A836B4 /* MarkupEditor.app */;
			productType = "com.apple.product-type.application";
		};
		6332B105132F1F6900A836B4 /* MarkupEditorTests */ = {
			isa = PBXNativeTarget;
			buildConfigurationList = 6332B11C132F1F6900A836B4 /* Build configuration list for PBXNativeTarget "MarkupEditorTests" */;
			buildPhases = (
				6332B101132F1F6900A836B4 /* Sources */,
				6332B102132F1F6900A836B4 /* Frameworks */,
				6332B103132F1F6900A836B4 /* Resources */,
				6332B104132F1F6900A836B4 /* ShellScript */,
			);
			buildRules = (
			);
			dependencies = (
				63F01C9B13309C250030229C /* PBXTargetDependency */,
			);
			name = MarkupEditorTests;
			productName = MarkupEditorTests;
			productReference = 63FB95EA1330A90400AD473C /* MarkupEditorTests.octest */;
			productType = "com.apple.product-type.bundle";
		};
/* End PBXNativeTarget section */

/* Begin PBXProject section */
		6332B0D9132F1F6800A836B4 /* Project object */ = {
			isa = PBXProject;
			attributes = {
				LastUpgradeCheck = 0420;
			};
			buildConfigurationList = 6332B0DC132F1F6800A836B4 /* Build configuration list for PBXProject "MarkupEditor" */;
			compatibilityVersion = "Xcode 3.2";
			developmentRegion = English;
			hasScannedForEncodings = 0;
			knownRegions = (
				en,
			);
			mainGroup = 6332B0D7132F1F6800A836B4;
			productRefGroup = 6332B0E3132F1F6800A836B4 /* Products */;
			projectDirPath = "";
			projectRoot = "";
			targets = (
				6332B0E1132F1F6800A836B4 /* MarkupEditor */,
				6332B105132F1F6900A836B4 /* MarkupEditorTests */,
			);
		};
/* End PBXProject section */

/* Begin PBXResourcesBuildPhase section */
		6332B0E0132F1F6800A836B4 /* Resources */ = {
			isa = PBXResourcesBuildPhase;
			buildActionMask = 2147483647;
			files = (
				6332B0F1132F1F6800A836B4 /* InfoPlist.strings in Resources */,
				6332B0FA132F1F6900A836B4 /* MainWindow.xib in Resources */,
				6332B150132F21F800A836B4 /* RootViewController-iPad.xib in Resources */,
				6332B157132F489400A836B4 /* MainWindow-iPad.xib in Resources */,
			);
			runOnlyForDeploymentPostprocessing = 0;
		};
		6332B103132F1F6900A836B4 /* Resources */ = {
			isa = PBXResourcesBuildPhase;
			buildActionMask = 2147483647;
			files = (
				6332B111132F1F6900A836B4 /* InfoPlist.strings in Resources */,
			);
			runOnlyForDeploymentPostprocessing = 0;
		};
/* End PBXResourcesBuildPhase section */

/* Begin PBXShellScriptBuildPhase section */
		6332B104132F1F6900A836B4 /* ShellScript */ = {
			isa = PBXShellScriptBuildPhase;
			buildActionMask = 2147483647;
			files = (
			);
			inputPaths = (
			);
			outputPaths = (
			);
			runOnlyForDeploymentPostprocessing = 0;
			shellPath = /bin/sh;
			shellScript = "# Run the unit tests in this test bundle.\n\"${SYSTEM_DEVELOPER_DIR}/Tools/RunUnitTests\"\n";
		};
/* End PBXShellScriptBuildPhase section */

/* Begin PBXSourcesBuildPhase section */
		6332B0DE132F1F6800A836B4 /* Sources */ = {
			isa = PBXSourcesBuildPhase;
			buildActionMask = 2147483647;
			files = (
				6332B0F4132F1F6800A836B4 /* main.m in Sources */,
				6332B0F7132F1F6900A836B4 /* MarkupEditorAppDelegate.m in Sources */,
				6332B12A132F1FC900A836B4 /* MarkupElement.m in Sources */,
				6332B12C132F1FC900A836B4 /* MarkupElementPosition.m in Sources */,
				6332B131132F1FF200A836B4 /* CaretView.m in Sources */,
				6332B134132F200B00A836B4 /* AlertDelegator.m in Sources */,
				6332B137132F201600A836B4 /* GraphicalTextView.m in Sources */,
				6332B144132F202C00A836B4 /* NSArray+objectOrNullAtIndex.m in Sources */,
				6332B145132F202C00A836B4 /* NSMutableArray+insertObjectsAtIndex.m in Sources */,
				6332B146132F202C00A836B4 /* NSString+drawing.m in Sources */,
				6332B147132F202C00A836B4 /* Pair.m in Sources */,
				6332B148132F202C00A836B4 /* TargetActionPair.m in Sources */,
				6332B149132F202C00A836B4 /* Tools.m in Sources */,
				6332B14F132F21F800A836B4 /* RootViewController.m in Sources */,
				6332B17B132F9DD500A836B4 /* MarkupElementRange.m in Sources */,
				6332B181132F9E9F00A836B4 /* MarkupView.m in Sources */,
				63A619D01330589100976346 /* MarkupViewCache.m in Sources */,
				63034DBF1338D39200A52278 /* HandWritingView.m in Sources */,
				630A73B61339963900672BFE /* CACommon.m in Sources */,
				630A73BC1339E94B00672BFE /* HandWritingInputView.m in Sources */,
			);
			runOnlyForDeploymentPostprocessing = 0;
		};
		6332B101132F1F6900A836B4 /* Sources */ = {
			isa = PBXSourcesBuildPhase;
			buildActionMask = 2147483647;
			files = (
				63C1658F1330BC8D007625AB /* MarkupElementPositionTest.m in Sources */,
				63F350F51331C4FC00410856 /* MarkupDocumentTest.m in Sources */,
				63F350F81332236000410856 /* MarkupElementTest.m in Sources */,
			);
			runOnlyForDeploymentPostprocessing = 0;
		};
/* End PBXSourcesBuildPhase section */

/* Begin PBXTargetDependency section */
		63F01C9B13309C250030229C /* PBXTargetDependency */ = {
			isa = PBXTargetDependency;
			target = 6332B0E1132F1F6800A836B4 /* MarkupEditor */;
			targetProxy = 63F01C9A13309C250030229C /* PBXContainerItemProxy */;
		};
/* End PBXTargetDependency section */

/* Begin PBXVariantGroup section */
		6332B0EF132F1F6800A836B4 /* InfoPlist.strings */ = {
			isa = PBXVariantGroup;
			children = (
				6332B0F0132F1F6800A836B4 /* en */,
			);
			name = InfoPlist.strings;
			sourceTree = "<group>";
		};
		6332B0F8132F1F6900A836B4 /* MainWindow.xib */ = {
			isa = PBXVariantGroup;
			children = (
				6332B0F9132F1F6900A836B4 /* en */,
			);
			name = MainWindow.xib;
			sourceTree = "<group>";
		};
		6332B10F132F1F6900A836B4 /* InfoPlist.strings */ = {
			isa = PBXVariantGroup;
			children = (
				6332B110132F1F6900A836B4 /* en */,
			);
			name = InfoPlist.strings;
			sourceTree = "<group>";
		};
		6332B155132F489400A836B4 /* MainWindow-iPad.xib */ = {
			isa = PBXVariantGroup;
			children = (
				6332B156132F489400A836B4 /* en */,
			);
			name = "MainWindow-iPad.xib";
			sourceTree = "<group>";
		};
/* End PBXVariantGroup section */

/* Begin XCBuildConfiguration section */
		6332B117132F1F6900A836B4 /* Debug */ = {
			isa = XCBuildConfiguration;
			buildSettings = {
				ARCHS = "$(ARCHS_STANDARD_32_BIT)";
				CODE_SIGN_IDENTITY = "iPhone Developer";
				"CODE_SIGN_IDENTITY[sdk=iphoneos*]" = "iPhone Developer";
				GCC_C_LANGUAGE_STANDARD = gnu99;
				GCC_OPTIMIZATION_LEVEL = 0;
				GCC_PREPROCESSOR_DEFINITIONS = DEBUG;
				GCC_SYMBOLS_PRIVATE_EXTERN = NO;
				GCC_VERSION = com.apple.compilers.llvmgcc42;
				GCC_WARN_ABOUT_RETURN_TYPE = YES;
				GCC_WARN_UNUSED_VARIABLE = YES;
				IPHONEOS_DEPLOYMENT_TARGET = 5.0;
				PROVISIONING_PROFILE = "";
				"PROVISIONING_PROFILE[sdk=iphoneos*]" = "";
				SDKROOT = iphoneos;
			};
			name = Debug;
		};
		6332B118132F1F6900A836B4 /* Release */ = {
			isa = XCBuildConfiguration;
			buildSettings = {
				ARCHS = "$(ARCHS_STANDARD_32_BIT)";
				CODE_SIGN_IDENTITY = "iPhone Developer";
				"CODE_SIGN_IDENTITY[sdk=iphoneos*]" = "iPhone Developer";
				GCC_C_LANGUAGE_STANDARD = gnu99;
				GCC_VERSION = com.apple.compilers.llvmgcc42;
				GCC_WARN_ABOUT_RETURN_TYPE = YES;
				GCC_WARN_UNUSED_VARIABLE = YES;
				IPHONEOS_DEPLOYMENT_TARGET = 5.0;
				OTHER_CFLAGS = "-DNS_BLOCK_ASSERTIONS=1";
				PROVISIONING_PROFILE = "";
				"PROVISIONING_PROFILE[sdk=iphoneos*]" = "";
				SDKROOT = iphoneos;
			};
			name = Release;
		};
		6332B11A132F1F6900A836B4 /* Debug */ = {
			isa = XCBuildConfiguration;
			buildSettings = {
				ALWAYS_SEARCH_USER_PATHS = NO;
				COPY_PHASE_STRIP = NO;
				GCC_DYNAMIC_NO_PIC = NO;
				GCC_PRECOMPILE_PREFIX_HEADER = YES;
				GCC_PREFIX_HEADER = "MarkupEditor/MarkupEditor-Prefix.pch";
				GCC_VERSION = "";
				INFOPLIST_FILE = "MarkupEditor/MarkupEditor-Info.plist";
				IPHONEOS_DEPLOYMENT_TARGET = 5.0;
				PRODUCT_NAME = "$(TARGET_NAME)";
				TARGETED_DEVICE_FAMILY = "1,2";
				WRAPPER_EXTENSION = app;
			};
			name = Debug;
		};
		6332B11B132F1F6900A836B4 /* Release */ = {
			isa = XCBuildConfiguration;
			buildSettings = {
				ALWAYS_SEARCH_USER_PATHS = NO;
				COPY_PHASE_STRIP = YES;
				GCC_PRECOMPILE_PREFIX_HEADER = YES;
				GCC_PREFIX_HEADER = "MarkupEditor/MarkupEditor-Prefix.pch";
				GCC_VERSION = "";
				INFOPLIST_FILE = "MarkupEditor/MarkupEditor-Info.plist";
				IPHONEOS_DEPLOYMENT_TARGET = 5.0;
				PRODUCT_NAME = "$(TARGET_NAME)";
				TARGETED_DEVICE_FAMILY = "1,2";
				VALIDATE_PRODUCT = YES;
				WRAPPER_EXTENSION = app;
			};
			name = Release;
		};
		6332B11D132F1F6900A836B4 /* Debug */ = {
			isa = XCBuildConfiguration;
			buildSettings = {
				ALWAYS_SEARCH_USER_PATHS = NO;
				BUNDLE_LOADER = "$(BUILT_PRODUCTS_DIR)/MarkupEditor.app/MarkupEditor";
				FRAMEWORK_SEARCH_PATHS = (
					"$(SDKROOT)/Developer/Library/Frameworks",
					"$(DEVELOPER_LIBRARY_DIR)/Frameworks",
				);
				GCC_PRECOMPILE_PREFIX_HEADER = YES;
				GCC_PREFIX_HEADER = "MarkupEditorTests/MarkupEditorTests-Prefix.pch";
				GCC_VERSION = com.apple.compilers.llvm.clang.1_0;
				INFOPLIST_FILE = "MarkupEditorTests/MarkupEditorTests-Info.plist";
				OTHER_LDFLAGS = (
					"-framework",
					SenTestingKit,
				);
				PRODUCT_NAME = "$(TARGET_NAME)";
				TEST_HOST = "$(BUNDLE_LOADER)";
				WRAPPER_EXTENSION = octest;
			};
			name = Debug;
		};
		6332B11E132F1F6900A836B4 /* Release */ = {
			isa = XCBuildConfiguration;
			buildSettings = {
				ALWAYS_SEARCH_USER_PATHS = NO;
				BUNDLE_LOADER = "$(BUILT_PRODUCTS_DIR)/MarkupEditor.app/MarkupEditor";
				FRAMEWORK_SEARCH_PATHS = (
					"$(SDKROOT)/Developer/Library/Frameworks",
					"$(DEVELOPER_LIBRARY_DIR)/Frameworks",
				);
				GCC_PRECOMPILE_PREFIX_HEADER = YES;
				GCC_PREFIX_HEADER = "MarkupEditorTests/MarkupEditorTests-Prefix.pch";
				GCC_VERSION = com.apple.compilers.llvm.clang.1_0;
				INFOPLIST_FILE = "MarkupEditorTests/MarkupEditorTests-Info.plist";
				OTHER_LDFLAGS = (
					"-framework",
					SenTestingKit,
				);
				PRODUCT_NAME = "$(TARGET_NAME)";
				TEST_HOST = "$(BUNDLE_LOADER)";
				WRAPPER_EXTENSION = octest;
			};
			name = Release;
		};
		63C45212145FE1CB00DB1826 /* AdHoc */ = {
			isa = XCBuildConfiguration;
			buildSettings = {
				ARCHS = "$(ARCHS_STANDARD_32_BIT)";
				CODE_SIGN_IDENTITY = "iPhone Distribution: MK System";
				"CODE_SIGN_IDENTITY[sdk=iphoneos*]" = "iPhone Distribution: MK System";
				GCC_C_LANGUAGE_STANDARD = gnu99;
				GCC_VERSION = com.apple.compilers.llvmgcc42;
				GCC_WARN_ABOUT_RETURN_TYPE = YES;
				GCC_WARN_UNUSED_VARIABLE = YES;
				IPHONEOS_DEPLOYMENT_TARGET = 5.0;
				OTHER_CFLAGS = "-DNS_BLOCK_ASSERTIONS=1";
				PROVISIONING_PROFILE = "EB36ADDE-7DBD-4648-97B5-FFEFD7C85D87";
				"PROVISIONING_PROFILE[sdk=iphoneos*]" = "EB36ADDE-7DBD-4648-97B5-FFEFD7C85D87";
				SDKROOT = iphoneos;
			};
			name = AdHoc;
		};
		63C45213145FE1CB00DB1826 /* AdHoc */ = {
			isa = XCBuildConfiguration;
			buildSettings = {
				ALWAYS_SEARCH_USER_PATHS = NO;
				COPY_PHASE_STRIP = YES;
				GCC_PRECOMPILE_PREFIX_HEADER = YES;
				GCC_PREFIX_HEADER = "MarkupEditor/MarkupEditor-Prefix.pch";
				GCC_VERSION = "";
				INFOPLIST_FILE = "MarkupEditor/MarkupEditor-Info.plist";
				IPHONEOS_DEPLOYMENT_TARGET = 5.0;
				PRODUCT_NAME = "$(TARGET_NAME)";
				TARGETED_DEVICE_FAMILY = "1,2";
				VALIDATE_PRODUCT = YES;
				WRAPPER_EXTENSION = app;
			};
			name = AdHoc;
		};
		63C45214145FE1CB00DB1826 /* AdHoc */ = {
			isa = XCBuildConfiguration;
			buildSettings = {
				ALWAYS_SEARCH_USER_PATHS = NO;
				BUNDLE_LOADER = "$(BUILT_PRODUCTS_DIR)/MarkupEditor.app/MarkupEditor";
				FRAMEWORK_SEARCH_PATHS = (
					"$(SDKROOT)/Developer/Library/Frameworks",
					"$(DEVELOPER_LIBRARY_DIR)/Frameworks",
				);
				GCC_PRECOMPILE_PREFIX_HEADER = YES;
				GCC_PREFIX_HEADER = "MarkupEditorTests/MarkupEditorTests-Prefix.pch";
				GCC_VERSION = com.apple.compilers.llvm.clang.1_0;
				INFOPLIST_FILE = "MarkupEditorTests/MarkupEditorTests-Info.plist";
				OTHER_LDFLAGS = (
					"-framework",
					SenTestingKit,
				);
				PRODUCT_NAME = "$(TARGET_NAME)";
				TEST_HOST = "$(BUNDLE_LOADER)";
				WRAPPER_EXTENSION = octest;
			};
			name = AdHoc;
		};
/* End XCBuildConfiguration section */

/* Begin XCConfigurationList section */
		6332B0DC132F1F6800A836B4 /* Build configuration list for PBXProject "MarkupEditor" */ = {
			isa = XCConfigurationList;
			buildConfigurations = (
				6332B117132F1F6900A836B4 /* Debug */,
				6332B118132F1F6900A836B4 /* Release */,
				63C45212145FE1CB00DB1826 /* AdHoc */,
			);
			defaultConfigurationIsVisible = 0;
			defaultConfigurationName = Debug;
		};
		6332B119132F1F6900A836B4 /* Build configuration list for PBXNativeTarget "MarkupEditor" */ = {
			isa = XCConfigurationList;
			buildConfigurations = (
				6332B11A132F1F6900A836B4 /* Debug */,
				6332B11B132F1F6900A836B4 /* Release */,
				63C45213145FE1CB00DB1826 /* AdHoc */,
			);
			defaultConfigurationIsVisible = 0;
			defaultConfigurationName = Debug;
		};
		6332B11C132F1F6900A836B4 /* Build configuration list for PBXNativeTarget "MarkupEditorTests" */ = {
			isa = XCConfigurationList;
			buildConfigurations = (
				6332B11D132F1F6900A836B4 /* Debug */,
				6332B11E132F1F6900A836B4 /* Release */,
				63C45214145FE1CB00DB1826 /* AdHoc */,
			);
			defaultConfigurationIsVisible = 0;
			defaultConfigurationName = Debug;
		};
/* End XCConfigurationList section */
	};
	rootObject = 6332B0D9132F1F6800A836B4 /* Project object */;
}
